Microsoft Visual Studio Solution File, Format Version 12.00
# Visual Studio Version 17
VisualStudioVersion = 17.12.35521.163
MinimumVisualStudioVersion = 10.0.40219.1
Project("{FAE04EC0-301F-11D3-BF4B-00C04F79EFBC}") = "DfT.DTRO", "Src\DfT.DTRO\DfT.DTRO.csproj", "{AC960671-CF93-4081-90FE-CBAA2D327E25}"
EndProject
Project("{FAE04EC0-301F-11D3-BF4B-00C04F79EFBC}") = "Dft.DTRO.Tests", "Src\Dft.DTRO.Tests\Dft.DTRO.Tests.csproj", "{FEBBD929-EF49-43DB-8344-6A4F0A3E69E8}"
EndProject
Project("{FAE04EC0-301F-11D3-BF4B-00C04F79EFBC}") = "Dft.DTRO.Admin", "Src\Dft.DTRO.Admin\Dft.DTRO.Admin.csproj", "{27FD0B3D-1CE9-79F9-7A0D-4AE79BE9FD1C}"
EndProject
Global
	GlobalSection(SolutionConfigurationPlatforms) = preSolution
		Debug|Any CPU = Debug|Any CPU
		Release|Any CPU = Release|Any CPU
	EndGlobalSection
	GlobalSection(ProjectConfigurationPlatforms) = postSolution
		{AC960671-CF93-4081-90FE-CBAA2D327E25}.Debug|Any CPU.ActiveCfg = Debug|Any CPU
		{AC960671-CF93-4081-90FE-CBAA2D327E25}.Debug|Any CPU.Build.0 = Debug|Any CPU
		{AC960671-CF93-4081-90FE-CBAA2D327E25}.Release|Any CPU.ActiveCfg = Release|Any CPU
		{AC960671-CF93-4081-90FE-CBAA2D327E25}.Release|Any CPU.Build.0 = Release|Any CPU
		{FEBBD929-EF49-43DB-8344-6A4F0A3E69E8}.Debug|Any CPU.ActiveCfg = Debug|Any CPU
		{FEBBD929-EF49-43DB-8344-6A4F0A3E69E8}.Debug|Any CPU.Build.0 = Debug|Any CPU
		{FEBBD929-EF49-43DB-8344-6A4F0A3E69E8}.Release|Any CPU.ActiveCfg = Release|Any CPU
		{FEBBD929-EF49-43DB-8344-6A4F0A3E69E8}.Release|Any CPU.Build.0 = Release|Any CPU
		{27FD0B3D-1CE9-79F9-7A0D-4AE79BE9FD1C}.Debug|Any CPU.ActiveCfg = Debug|Any CPU
		{27FD0B3D-1CE9-79F9-7A0D-4AE79BE9FD1C}.Debug|Any CPU.Build.0 = Debug|Any CPU
		{27FD0B3D-1CE9-79F9-7A0D-4AE79BE9FD1C}.Release|Any CPU.ActiveCfg = Release|Any CPU
		{27FD0B3D-1CE9-79F9-7A0D-4AE79BE9FD1C}.Release|Any CPU.Build.0 = Release|Any CPU
	EndGlobalSection
	GlobalSection(SolutionProperties) = preSolution
		HideSolutionNode = FALSE
	EndGlobalSection
	GlobalSection(ExtensibilityGlobals) = postSolution
		SolutionGuid = {DF95E19E-8219-47A4-A6F7-622E6057934D}
	EndGlobalSection
EndGlobal
