
Microsoft Visual Studio Solution File, Format Version 12.00
# Visual Studio Version 16
VisualStudioVersion = 25.0.1706.14
MinimumVisualStudioVersion = 10.0.40219.1
Project("{FAE04EC0-301F-11D3-BF4B-00C04F79EFBC}") = "DfT.DTRO", "DfT.DTRO.csproj", "{2142AFB6-18DD-445C-B164-A00163B6C994}"
EndProject
Global
	GlobalSection(SolutionConfigurationPlatforms) = preSolution
		Debug|Any CPU = Debug|Any CPU
		Release|Any CPU = Release|Any CPU
	EndGlobalSection
	GlobalSection(ProjectConfigurationPlatforms) = postSolution
		{2142AFB6-18DD-445C-B164-A00163B6C994}.Debug|Any CPU.ActiveCfg = Debug|Any CPU
		{2142AFB6-18DD-445C-B164-A00163B6C994}.Debug|Any CPU.Build.0 = Debug|Any CPU
		{2142AFB6-18DD-445C-B164-A00163B6C994}.Release|Any CPU.ActiveCfg = Release|Any CPU
		{2142AFB6-18DD-445C-B164-A00163B6C994}.Release|Any CPU.Build.0 = Release|Any CPU
	EndGlobalSection
	GlobalSection(SolutionProperties) = preSolution
		HideSolutionNode = FALSE
	EndGlobalSection
	GlobalSection(ExtensibilityGlobals) = postSolution
		SolutionGuid = {608566D5-6B2F-4E92-A925-0C33B97BBAF1}
	EndGlobalSection
EndGlobal
