
Microsoft Visual Studio Solution File, Format Version 12.00
# Visual Studio Version 17
VisualStudioVersion = 17.9.34728.123
MinimumVisualStudioVersion = 10.0.40219.1
Project("{FAE04EC0-301F-11D3-BF4B-00C04F79EFBC}") = "Dft.DTRO.Admin", "Dft.DTRO.Admin.csproj", "{286928B5-A46C-40B5-A292-55624D6BA470}"
EndProject
Global
	GlobalSection(SolutionConfigurationPlatforms) = preSolution
		Debug|Any CPU = Debug|Any CPU
		Release|Any CPU = Release|Any CPU
	EndGlobalSection
	GlobalSection(ProjectConfigurationPlatforms) = postSolution
		{286928B5-A46C-40B5-A292-55624D6BA470}.Debug|Any CPU.ActiveCfg = Debug|Any CPU
		{286928B5-A46C-40B5-A292-55624D6BA470}.Debug|Any CPU.Build.0 = Debug|Any CPU
		{286928B5-A46C-40B5-A292-55624D6BA470}.Release|Any CPU.ActiveCfg = Release|Any CPU
		{286928B5-A46C-40B5-A292-55624D6BA470}.Release|Any CPU.Build.0 = Release|Any CPU
	EndGlobalSection
	GlobalSection(SolutionProperties) = preSolution
		HideSolutionNode = FALSE
	EndGlobalSection
	GlobalSection(ExtensibilityGlobals) = postSolution
		SolutionGuid = {760076AF-3598-427A-A16F-7DBDADD1A157}
	EndGlobalSection
EndGlobal
